
Microsoft Visual Studio Solution File, Format Version 12.00
# Visual Studio Version 17
VisualStudioVersion = 17.4.33122.133
MinimumVisualStudioVersion = 10.0.40219.1
Project("{FAE04EC0-301F-11D3-BF4B-00C04F79EFBC}") = "Modaularity.AspNetCore", "Modaularity.AspNetCore\Modaularity.AspNetCore.csproj", "{44A658C5-9B92-4C5E-A0F4-3ECB9E528EF3}"
EndProject
Global
	GlobalSection(SolutionConfigurationPlatforms) = preSolution
		Debug|Any CPU = Debug|Any CPU
		Release|Any CPU = Release|Any CPU
	EndGlobalSection
	GlobalSection(ProjectConfigurationPlatforms) = postSolution
		{44A658C5-9B92-4C5E-A0F4-3ECB9E528EF3}.Debug|Any CPU.ActiveCfg = Debug|Any CPU
		{44A658C5-9B92-4C5E-A0F4-3ECB9E528EF3}.Debug|Any CPU.Build.0 = Debug|Any CPU
		{44A658C5-9B92-4C5E-A0F4-3ECB9E528EF3}.Release|Any CPU.ActiveCfg = Release|Any CPU
		{44A658C5-9B92-4C5E-A0F4-3ECB9E528EF3}.Release|Any CPU.Build.0 = Release|Any CPU
	EndGlobalSection
	GlobalSection(SolutionProperties) = preSolution
		HideSolutionNode = FALSE
	EndGlobalSection
	GlobalSection(ExtensibilityGlobals) = postSolution
		SolutionGuid = {C8E90E75-1EB1-484F-BC7A-27CF8B76B130}
	EndGlobalSection
EndGlobal
